// !$*UTF8*$!
{
	archiveVersion = 1;
	classes = {
	};
	objectVersion = 46;
	objects = {

/* Begin PBXBuildFile section */
		CF1DDEE816D1BB7200FF6C77 /* UIKit.framework in Frameworks */ = {isa = PBXBuildFile; fileRef = CF1DDEE716D1BB7200FF6C77 /* UIKit.framework */; };
		CF1DDEEA16D1BB7200FF6C77 /* Foundation.framework in Frameworks */ = {isa = PBXBuildFile; fileRef = CF1DDEE916D1BB7200FF6C77 /* Foundation.framework */; };
		CF1DDEEC16D1BB7200FF6C77 /* CoreGraphics.framework in Frameworks */ = {isa = PBXBuildFile; fileRef = CF1DDEEB16D1BB7200FF6C77 /* CoreGraphics.framework */; };
		CF1DDEF216D1BB7200FF6C77 /* InfoPlist.strings in Resources */ = {isa = PBXBuildFile; fileRef = CF1DDEF016D1BB7200FF6C77 /* InfoPlist.strings */; };
		CF1DDEF416D1BB7200FF6C77 /* main.m in Sources */ = {isa = PBXBuildFile; fileRef = CF1DDEF316D1BB7200FF6C77 /* main.m */; };
		CF1DDEF816D1BB7200FF6C77 /* FRAppDelegate.m in Sources */ = {isa = PBXBuildFile; fileRef = CF1DDEF716D1BB7200FF6C77 /* FRAppDelegate.m */; };
		CF1DDEFA16D1BB7200FF6C77 /* Default.png in Resources */ = {isa = PBXBuildFile; fileRef = CF1DDEF916D1BB7200FF6C77 /* Default.png */; };
		CF1DDEFC16D1BB7200FF6C77 /* Default@2x.png in Resources */ = {isa = PBXBuildFile; fileRef = CF1DDEFB16D1BB7200FF6C77 /* Default@2x.png */; };
		CF1DDEFE16D1BB7200FF6C77 /* Default-568h@2x.png in Resources */ = {isa = PBXBuildFile; fileRef = CF1DDEFD16D1BB7200FF6C77 /* Default-568h@2x.png */; };
		CF1DDF0516D1C1D300FF6C77 /* AssetsLibrary.framework in Frameworks */ = {isa = PBXBuildFile; fileRef = CF1DDF0416D1C1D300FF6C77 /* AssetsLibrary.framework */; };
		CF1DDF0916D1C29A00FF6C77 /* FRAssetsGroupViewController.m in Sources */ = {isa = PBXBuildFile; fileRef = CF1DDF0716D1C29A00FF6C77 /* FRAssetsGroupViewController.m */; };
		CF3BE4FB16D1CC6E007EB469 /* FRAssetsGroupCell.m in Sources */ = {isa = PBXBuildFile; fileRef = CF3BE4FA16D1CC6E007EB469 /* FRAssetsGroupCell.m */; };
		CF3BE4FE16D1D8B7007EB469 /* album_black-iphone.png in Resources */ = {isa = PBXBuildFile; fileRef = CF3BE4FC16D1D8B7007EB469 /* album_black-iphone.png */; };
		CF3BE4FF16D1D8B7007EB469 /* album_black-iphone@2x.png in Resources */ = {isa = PBXBuildFile; fileRef = CF3BE4FD16D1D8B7007EB469 /* album_black-iphone@2x.png */; };
		CF3BE50216D1DD92007EB469 /* FRAssetsViewController.m in Sources */ = {isa = PBXBuildFile; fileRef = CF3BE50116D1DD92007EB469 /* FRAssetsViewController.m */; };
		CF3BE50616D1E1B0007EB469 /* iCarousel.m in Sources */ = {isa = PBXBuildFile; fileRef = CF3BE50516D1E1B0007EB469 /* iCarousel.m */; };
		CF3BE50B16D1E31B007EB469 /* FXImageView.m in Sources */ = {isa = PBXBuildFile; fileRef = CF3BE50816D1E31A007EB469 /* FXImageView.m */; };
		CF3BE50C16D1E31B007EB469 /* UIImage+FX.m in Sources */ = {isa = PBXBuildFile; fileRef = CF3BE50A16D1E31B007EB469 /* UIImage+FX.m */; };
		CF3BE50E16D1E3D4007EB469 /* QuartzCore.framework in Frameworks */ = {isa = PBXBuildFile; fileRef = CF3BE50D16D1E3D4007EB469 /* QuartzCore.framework */; };
		CF3BE51016D2034E007EB469 /* CoreImage.framework in Frameworks */ = {isa = PBXBuildFile; fileRef = CF3BE50F16D2034E007EB469 /* CoreImage.framework */; };
/* End PBXBuildFile section */

/* Begin PBXFileReference section */
		CF1DDEE416D1BB7200FF6C77 /* FaceReco.app */ = {isa = PBXFileReference; explicitFileType = wrapper.application; includeInIndex = 0; path = FaceReco.app; sourceTree = BUILT_PRODUCTS_DIR; };
		CF1DDEE716D1BB7200FF6C77 /* UIKit.framework */ = {isa = PBXFileReference; lastKnownFileType = wrapper.framework; name = UIKit.framework; path = System/Library/Frameworks/UIKit.framework; sourceTree = SDKROOT; };
		CF1DDEE916D1BB7200FF6C77 /* Foundation.framework */ = {isa = PBXFileReference; lastKnownFileType = wrapper.framework; name = Foundation.framework; path = System/Library/Frameworks/Foundation.framework; sourceTree = SDKROOT; };
		CF1DDEEB16D1BB7200FF6C77 /* CoreGraphics.framework */ = {isa = PBXFileReference; lastKnownFileType = wrapper.framework; name = CoreGraphics.framework; path = System/Library/Frameworks/CoreGraphics.framework; sourceTree = SDKROOT; };
		CF1DDEEF16D1BB7200FF6C77 /* FaceReco-Info.plist */ = {isa = PBXFileReference; lastKnownFileType = text.plist.xml; path = "FaceReco-Info.plist"; sourceTree = "<group>"; };
		CF1DDEF116D1BB7200FF6C77 /* en */ = {isa = PBXFileReference; lastKnownFileType = text.plist.strings; name = en; path = en.lproj/InfoPlist.strings; sourceTree = "<group>"; };
		CF1DDEF316D1BB7200FF6C77 /* main.m */ = {isa = PBXFileReference; lastKnownFileType = sourcecode.c.objc; path = main.m; sourceTree = "<group>"; };
		CF1DDEF516D1BB7200FF6C77 /* FaceReco-Prefix.pch */ = {isa = PBXFileReference; lastKnownFileType = sourcecode.c.h; path = "FaceReco-Prefix.pch"; sourceTree = "<group>"; };
		CF1DDEF616D1BB7200FF6C77 /* FRAppDelegate.h */ = {isa = PBXFileReference; lastKnownFileType = sourcecode.objj.h; path = FRAppDelegate.h; sourceTree = "<group>"; };
		CF1DDEF716D1BB7200FF6C77 /* FRAppDelegate.m */ = {isa = PBXFileReference; lastKnownFileType = sourcecode.c.objc; path = FRAppDelegate.m; sourceTree = "<group>"; };
		CF1DDEF916D1BB7200FF6C77 /* Default.png */ = {isa = PBXFileReference; lastKnownFileType = image.png; path = Default.png; sourceTree = "<group>"; };
		CF1DDEFB16D1BB7200FF6C77 /* Default@2x.png */ = {isa = PBXFileReference; lastKnownFileType = image.png; path = "Default@2x.png"; sourceTree = "<group>"; };
		CF1DDEFD16D1BB7200FF6C77 /* Default-568h@2x.png */ = {isa = PBXFileReference; lastKnownFileType = image.png; path = "Default-568h@2x.png"; sourceTree = "<group>"; };
		CF1DDF0416D1C1D300FF6C77 /* AssetsLibrary.framework */ = {isa = PBXFileReference; lastKnownFileType = wrapper.framework; name = AssetsLibrary.framework; path = System/Library/Frameworks/AssetsLibrary.framework; sourceTree = SDKROOT; };
		CF1DDF0616D1C29A00FF6C77 /* FRAssetsGroupViewController.h */ = {isa = PBXFileReference; fileEncoding = 4; lastKnownFileType = sourcecode.objj.h; path = FRAssetsGroupViewController.h; sourceTree = "<group>"; };
		CF1DDF0716D1C29A00FF6C77 /* FRAssetsGroupViewController.m */ = {isa = PBXFileReference; fileEncoding = 4; lastKnownFileType = sourcecode.c.objc; path = FRAssetsGroupViewController.m; sourceTree = "<group>"; };
		CF3BE4F916D1CC6E007EB469 /* FRAssetsGroupCell.h */ = {isa = PBXFileReference; fileEncoding = 4; lastKnownFileType = sourcecode.c.h; path = FRAssetsGroupCell.h; sourceTree = "<group>"; };
		CF3BE4FA16D1CC6E007EB469 /* FRAssetsGroupCell.m */ = {isa = PBXFileReference; fileEncoding = 4; lastKnownFileType = sourcecode.c.objc; path = FRAssetsGroupCell.m; sourceTree = "<group>"; };
		CF3BE4FC16D1D8B7007EB469 /* album_black-iphone.png */ = {isa = PBXFileReference; lastKnownFileType = image.png; name = "album_black-iphone.png"; path = "FaceReco/album_black-iphone.png"; sourceTree = "<group>"; };
		CF3BE4FD16D1D8B7007EB469 /* album_black-iphone@2x.png */ = {isa = PBXFileReference; lastKnownFileType = image.png; name = "album_black-iphone@2x.png"; path = "FaceReco/album_black-iphone@2x.png"; sourceTree = "<group>"; };
		CF3BE50016D1DD92007EB469 /* FRAssetsViewController.h */ = {isa = PBXFileReference; fileEncoding = 4; lastKnownFileType = sourcecode.c.h; path = FRAssetsViewController.h; sourceTree = "<group>"; };
		CF3BE50116D1DD92007EB469 /* FRAssetsViewController.m */ = {isa = PBXFileReference; fileEncoding = 4; lastKnownFileType = sourcecode.c.objc; path = FRAssetsViewController.m; sourceTree = "<group>"; };
		CF3BE50416D1E1B0007EB469 /* iCarousel.h */ = {isa = PBXFileReference; fileEncoding = 4; lastKnownFileType = sourcecode.c.h; path = iCarousel.h; sourceTree = "<group>"; };
		CF3BE50516D1E1B0007EB469 /* iCarousel.m */ = {isa = PBXFileReference; fileEncoding = 4; lastKnownFileType = sourcecode.c.objc; path = iCarousel.m; sourceTree = "<group>"; };
		CF3BE50716D1E31A007EB469 /* FXImageView.h */ = {isa = PBXFileReference; fileEncoding = 4; lastKnownFileType = sourcecode.c.h; path = FXImageView.h; sourceTree = "<group>"; };
		CF3BE50816D1E31A007EB469 /* FXImageView.m */ = {isa = PBXFileReference; fileEncoding = 4; lastKnownFileType = sourcecode.c.objc; path = FXImageView.m; sourceTree = "<group>"; };
		CF3BE50916D1E31A007EB469 /* UIImage+FX.h */ = {isa = PBXFileReference; fileEncoding = 4; lastKnownFileType = sourcecode.c.h; path = "UIImage+FX.h"; sourceTree = "<group>"; };
		CF3BE50A16D1E31B007EB469 /* UIImage+FX.m */ = {isa = PBXFileReference; fileEncoding = 4; lastKnownFileType = sourcecode.c.objc; path = "UIImage+FX.m"; sourceTree = "<group>"; };
		CF3BE50D16D1E3D4007EB469 /* QuartzCore.framework */ = {isa = PBXFileReference; lastKnownFileType = wrapper.framework; name = QuartzCore.framework; path = System/Library/Frameworks/QuartzCore.framework; sourceTree = SDKROOT; };
		CF3BE50F16D2034E007EB469 /* CoreImage.framework */ = {isa = PBXFileReference; lastKnownFileType = wrapper.framework; name = CoreImage.framework; path = System/Library/Frameworks/CoreImage.framework; sourceTree = SDKROOT; };
/* End PBXFileReference section */

/* Begin PBXFrameworksBuildPhase section */
		CF1DDEE116D1BB7200FF6C77 /* Frameworks */ = {
			isa = PBXFrameworksBuildPhase;
			buildActionMask = 2147483647;
			files = (
				CF3BE51016D2034E007EB469 /* CoreImage.framework in Frameworks */,
				CF3BE50E16D1E3D4007EB469 /* QuartzCore.framework in Frameworks */,
				CF1DDF0516D1C1D300FF6C77 /* AssetsLibrary.framework in Frameworks */,
				CF1DDEE816D1BB7200FF6C77 /* UIKit.framework in Frameworks */,
				CF1DDEEA16D1BB7200FF6C77 /* Foundation.framework in Frameworks */,
				CF1DDEEC16D1BB7200FF6C77 /* CoreGraphics.framework in Frameworks */,
			);
			runOnlyForDeploymentPostprocessing = 0;
		};
/* End PBXFrameworksBuildPhase section */

/* Begin PBXGroup section */
		CF1DDEDB16D1BB7200FF6C77 = {
			isa = PBXGroup;
			children = (
				CF1DDEED16D1BB7200FF6C77 /* FaceReco */,
				CF3BE4FC16D1D8B7007EB469 /* album_black-iphone.png */,
				CF3BE4FD16D1D8B7007EB469 /* album_black-iphone@2x.png */,
				CF3BE50316D1E1B0007EB469 /* iCarousel */,
				CF1DDEE616D1BB7200FF6C77 /* Frameworks */,
				CF1DDEE516D1BB7200FF6C77 /* Products */,
			);
			sourceTree = "<group>";
		};
		CF1DDEE516D1BB7200FF6C77 /* Products */ = {
			isa = PBXGroup;
			children = (
				CF1DDEE416D1BB7200FF6C77 /* FaceReco.app */,
			);
			name = Products;
			sourceTree = "<group>";
		};
		CF1DDEE616D1BB7200FF6C77 /* Frameworks */ = {
			isa = PBXGroup;
			children = (
				CF3BE50F16D2034E007EB469 /* CoreImage.framework */,
				CF3BE50D16D1E3D4007EB469 /* QuartzCore.framework */,
				CF1DDF0416D1C1D300FF6C77 /* AssetsLibrary.framework */,
				CF1DDEE716D1BB7200FF6C77 /* UIKit.framework */,
				CF1DDEE916D1BB7200FF6C77 /* Foundation.framework */,
				CF1DDEEB16D1BB7200FF6C77 /* CoreGraphics.framework */,
			);
			name = Frameworks;
			sourceTree = "<group>";
		};
		CF1DDEED16D1BB7200FF6C77 /* FaceReco */ = {
			isa = PBXGroup;
			children = (
				CF1DDEF616D1BB7200FF6C77 /* FRAppDelegate.h */,
				CF1DDEF716D1BB7200FF6C77 /* FRAppDelegate.m */,
				CF1DDF0616D1C29A00FF6C77 /* FRAssetsGroupViewController.h */,
				CF1DDF0716D1C29A00FF6C77 /* FRAssetsGroupViewController.m */,
				CF3BE4F916D1CC6E007EB469 /* FRAssetsGroupCell.h */,
				CF3BE4FA16D1CC6E007EB469 /* FRAssetsGroupCell.m */,
				CF3BE50016D1DD92007EB469 /* FRAssetsViewController.h */,
				CF3BE50116D1DD92007EB469 /* FRAssetsViewController.m */,
				CF3BE50716D1E31A007EB469 /* FXImageView.h */,
				CF3BE50816D1E31A007EB469 /* FXImageView.m */,
				CF3BE50916D1E31A007EB469 /* UIImage+FX.h */,
				CF3BE50A16D1E31B007EB469 /* UIImage+FX.m */,
				CF1DDEEE16D1BB7200FF6C77 /* Supporting Files */,
			);
			path = FaceReco;
			sourceTree = "<group>";
		};
		CF1DDEEE16D1BB7200FF6C77 /* Supporting Files */ = {
			isa = PBXGroup;
			children = (
				CF1DDEEF16D1BB7200FF6C77 /* FaceReco-Info.plist */,
				CF1DDEF016D1BB7200FF6C77 /* InfoPlist.strings */,
				CF1DDEF316D1BB7200FF6C77 /* main.m */,
				CF1DDEF516D1BB7200FF6C77 /* FaceReco-Prefix.pch */,
				CF1DDEF916D1BB7200FF6C77 /* Default.png */,
				CF1DDEFB16D1BB7200FF6C77 /* Default@2x.png */,
				CF1DDEFD16D1BB7200FF6C77 /* Default-568h@2x.png */,
			);
			name = "Supporting Files";
			sourceTree = "<group>";
		};
		CF3BE50316D1E1B0007EB469 /* iCarousel */ = {
			isa = PBXGroup;
			children = (
				CF3BE50416D1E1B0007EB469 /* iCarousel.h */,
				CF3BE50516D1E1B0007EB469 /* iCarousel.m */,
			);
			name = iCarousel;
			path = iCarousel/iCarousel;
			sourceTree = "<group>";
		};
/* End PBXGroup section */

/* Begin PBXNativeTarget section */
		CF1DDEE316D1BB7200FF6C77 /* FaceReco */ = {
			isa = PBXNativeTarget;
			buildConfigurationList = CF1DDF0116D1BB7200FF6C77 /* Build configuration list for PBXNativeTarget "FaceReco" */;
			buildPhases = (
				CF1DDEE016D1BB7200FF6C77 /* Sources */,
				CF1DDEE116D1BB7200FF6C77 /* Frameworks */,
				CF1DDEE216D1BB7200FF6C77 /* Resources */,
			);
			buildRules = (
			);
			dependencies = (
			);
			name = FaceReco;
			productName = FaceReco;
			productReference = CF1DDEE416D1BB7200FF6C77 /* FaceReco.app */;
			productType = "com.apple.product-type.application";
		};
/* End PBXNativeTarget section */

/* Begin PBXProject section */
		CF1DDEDC16D1BB7200FF6C77 /* Project object */ = {
			isa = PBXProject;
			attributes = {
				CLASSPREFIX = FR;
				LastUpgradeCheck = 0460;
				ORGANIZATIONNAME = lognllc.com;
			};
			buildConfigurationList = CF1DDEDF16D1BB7200FF6C77 /* Build configuration list for PBXProject "FaceReco" */;
			compatibilityVersion = "Xcode 3.2";
			developmentRegion = English;
			hasScannedForEncodings = 0;
			knownRegions = (
				en,
			);
			mainGroup = CF1DDEDB16D1BB7200FF6C77;
			productRefGroup = CF1DDEE516D1BB7200FF6C77 /* Products */;
			projectDirPath = "";
			projectRoot = "";
			targets = (
				CF1DDEE316D1BB7200FF6C77 /* FaceReco */,
			);
		};
/* End PBXProject section */

/* Begin PBXResourcesBuildPhase section */
		CF1DDEE216D1BB7200FF6C77 /* Resources */ = {
			isa = PBXResourcesBuildPhase;
			buildActionMask = 2147483647;
			files = (
				CF1DDEF216D1BB7200FF6C77 /* InfoPlist.strings in Resources */,
				CF1DDEFA16D1BB7200FF6C77 /* Default.png in Resources */,
				CF1DDEFC16D1BB7200FF6C77 /* Default@2x.png in Resources */,
				CF1DDEFE16D1BB7200FF6C77 /* Default-568h@2x.png in Resources */,
				CF3BE4FE16D1D8B7007EB469 /* album_black-iphone.png in Resources */,
				CF3BE4FF16D1D8B7007EB469 /* album_black-iphone@2x.png in Resources */,
			);
			runOnlyForDeploymentPostprocessing = 0;
		};
/* End PBXResourcesBuildPhase section */

/* Begin PBXSourcesBuildPhase section */
		CF1DDEE016D1BB7200FF6C77 /* Sources */ = {
			isa = PBXSourcesBuildPhase;
			buildActionMask = 2147483647;
			files = (
				CF1DDEF416D1BB7200FF6C77 /* main.m in Sources */,
				CF1DDEF816D1BB7200FF6C77 /* FRAppDelegate.m in Sources */,
				CF1DDF0916D1C29A00FF6C77 /* FRAssetsGroupViewController.m in Sources */,
				CF3BE4FB16D1CC6E007EB469 /* FRAssetsGroupCell.m in Sources */,
				CF3BE50216D1DD92007EB469 /* FRAssetsViewController.m in Sources */,
				CF3BE50616D1E1B0007EB469 /* iCarousel.m in Sources */,
				CF3BE50B16D1E31B007EB469 /* FXImageView.m in Sources */,
				CF3BE50C16D1E31B007EB469 /* UIImage+FX.m in Sources */,
			);
			runOnlyForDeploymentPostprocessing = 0;
		};
/* End PBXSourcesBuildPhase section */

/* Begin PBXVariantGroup section */
		CF1DDEF016D1BB7200FF6C77 /* InfoPlist.strings */ = {
			isa = PBXVariantGroup;
			children = (
				CF1DDEF116D1BB7200FF6C77 /* en */,
			);
			name = InfoPlist.strings;
			sourceTree = "<group>";
		};
/* End PBXVariantGroup section */

/* Begin XCBuildConfiguration section */
		CF1DDEFF16D1BB7200FF6C77 /* Debug */ = {
			isa = XCBuildConfiguration;
			buildSettings = {
				ALWAYS_SEARCH_USER_PATHS = NO;
				CLANG_CXX_LANGUAGE_STANDARD = "gnu++0x";
				CLANG_CXX_LIBRARY = "libc++";
				CLANG_ENABLE_OBJC_ARC = YES;
				CLANG_WARN_CONSTANT_CONVERSION = YES;
				CLANG_WARN_EMPTY_BODY = YES;
				CLANG_WARN_ENUM_CONVERSION = YES;
				CLANG_WARN_INT_CONVERSION = YES;
				CLANG_WARN__DUPLICATE_METHOD_MATCH = YES;
				"CODE_SIGN_IDENTITY[sdk=iphoneos*]" = "iPhone Developer";
				COPY_PHASE_STRIP = NO;
				GCC_C_LANGUAGE_STANDARD = gnu99;
				GCC_DYNAMIC_NO_PIC = NO;
				GCC_OPTIMIZATION_LEVEL = 0;
				GCC_PREPROCESSOR_DEFINITIONS = (
					"DEBUG=1",
					"$(inherited)",
				);
				GCC_SYMBOLS_PRIVATE_EXTERN = NO;
				GCC_WARN_ABOUT_RETURN_TYPE = YES;
				GCC_WARN_UNINITIALIZED_AUTOS = YES;
				GCC_WARN_UNUSED_VARIABLE = YES;
				IPHONEOS_DEPLOYMENT_TARGET = 6.1;
				ONLY_ACTIVE_ARCH = YES;
				SDKROOT = iphoneos;
			};
			name = Debug;
		};
		CF1DDF0016D1BB7200FF6C77 /* Release */ = {
			isa = XCBuildConfiguration;
			buildSettings = {
				ALWAYS_SEARCH_USER_PATHS = NO;
				CLANG_CXX_LANGUAGE_STANDARD = "gnu++0x";
				CLANG_CXX_LIBRARY = "libc++";
				CLANG_ENABLE_OBJC_ARC = YES;
				CLANG_WARN_CONSTANT_CONVERSION = YES;
				CLANG_WARN_EMPTY_BODY = YES;
				CLANG_WARN_ENUM_CONVERSION = YES;
				CLANG_WARN_INT_CONVERSION = YES;
				CLANG_WARN__DUPLICATE_METHOD_MATCH = YES;
				"CODE_SIGN_IDENTITY[sdk=iphoneos*]" = "iPhone Developer";
				COPY_PHASE_STRIP = YES;
				GCC_C_LANGUAGE_STANDARD = gnu99;
				GCC_WARN_ABOUT_RETURN_TYPE = YES;
				GCC_WARN_UNINITIALIZED_AUTOS = YES;
				GCC_WARN_UNUSED_VARIABLE = YES;
				IPHONEOS_DEPLOYMENT_TARGET = 6.1;
				OTHER_CFLAGS = "-DNS_BLOCK_ASSERTIONS=1";
				SDKROOT = iphoneos;
				VALIDATE_PRODUCT = YES;
			};
			name = Release;
		};
		CF1DDF0216D1BB7200FF6C77 /* Debug */ = {
			isa = XCBuildConfiguration;
			buildSettings = {
				GCC_PRECOMPILE_PREFIX_HEADER = YES;
				GCC_PREFIX_HEADER = "FaceReco/FaceReco-Prefix.pch";
				INFOPLIST_FILE = "FaceReco/FaceReco-Info.plist";
				PRODUCT_NAME = "$(TARGET_NAME)";
				WRAPPER_EXTENSION = app;
			};
			name = Debug;
		};
		CF1DDF0316D1BB7200FF6C77 /* Release */ = {
			isa = XCBuildConfiguration;
			buildSettings = {
				GCC_PRECOMPILE_PREFIX_HEADER = YES;
				GCC_PREFIX_HEADER = "FaceReco/FaceReco-Prefix.pch";
				INFOPLIST_FILE = "FaceReco/FaceReco-Info.plist";
				PRODUCT_NAME = "$(TARGET_NAME)";
				WRAPPER_EXTENSION = app;
			};
			name = Release;
		};
/* End XCBuildConfiguration section */

/* Begin XCConfigurationList section */
		CF1DDEDF16D1BB7200FF6C77 /* Build configuration list for PBXProject "FaceReco" */ = {
			isa = XCConfigurationList;
			buildConfigurations = (
				CF1DDEFF16D1BB7200FF6C77 /* Debug */,
				CF1DDF0016D1BB7200FF6C77 /* Release */,
			);
			defaultConfigurationIsVisible = 0;
			defaultConfigurationName = Release;
		};
		CF1DDF0116D1BB7200FF6C77 /* Build configuration list for PBXNativeTarget "FaceReco" */ = {
			isa = XCConfigurationList;
			buildConfigurations = (
				CF1DDF0216D1BB7200FF6C77 /* Debug */,
				CF1DDF0316D1BB7200FF6C77 /* Release */,
			);
			defaultConfigurationIsVisible = 0;
			defaultConfigurationName = Release;
		};
/* End XCConfigurationList section */
	};
	rootObject = CF1DDEDC16D1BB7200FF6C77 /* Project object */;
}
